
Microsoft Visual Studio Solution File, Format Version 12.00
# Visual Studio Version 17
VisualStudioVersion = 17.14.36310.24 d17.14
MinimumVisualStudioVersion = 10.0.40219.1
Project("{FAE04EC0-301F-11D3-BF4B-00C04F79EFBC}") = "DataAnnotations", "DataAnnotations\DataAnnotations.csproj", "{26095F3E-0D32-4741-8098-FD306E7FA77F}"
EndProject
Project("{FAE04EC0-301F-11D3-BF4B-00C04F79EFBC}") = "DataAnnotations.Domain", "DataAnnotations.Domain\DataAnnotations.Domain.csproj", "{E164D9E1-91CD-4FBB-B033-8E7F60EDB8C8}"
EndProject
Project("{FAE04EC0-301F-11D3-BF4B-00C04F79EFBC}") = "DataAnnotations.DataAccess", "DataAnnotations.DataAccess\DataAnnotations.DataAccess.csproj", "{6D898AF0-12CD-474E-BA4A-B174040D8B63}"
EndProject
Project("{FAE04EC0-301F-11D3-BF4B-00C04F79EFBC}") = "DataAnnotations.Helpers", "DataAnnotations.Helpers\DataAnnotations.Helpers.csproj", "{1507A0CB-7163-4586-91FC-A4F88A24A8C3}"
EndProject
Global
	GlobalSection(SolutionConfigurationPlatforms) = preSolution
		Debug|Any CPU = Debug|Any CPU
		Release|Any CPU = Release|Any CPU
	EndGlobalSection
	GlobalSection(ProjectConfigurationPlatforms) = postSolution
		{26095F3E-0D32-4741-8098-FD306E7FA77F}.Debug|Any CPU.ActiveCfg = Debug|Any CPU
		{26095F3E-0D32-4741-8098-FD306E7FA77F}.Debug|Any CPU.Build.0 = Debug|Any CPU
		{26095F3E-0D32-4741-8098-FD306E7FA77F}.Release|Any CPU.ActiveCfg = Release|Any CPU
		{26095F3E-0D32-4741-8098-FD306E7FA77F}.Release|Any CPU.Build.0 = Release|Any CPU
		{E164D9E1-91CD-4FBB-B033-8E7F60EDB8C8}.Debug|Any CPU.ActiveCfg = Debug|Any CPU
		{E164D9E1-91CD-4FBB-B033-8E7F60EDB8C8}.Debug|Any CPU.Build.0 = Debug|Any CPU
		{E164D9E1-91CD-4FBB-B033-8E7F60EDB8C8}.Release|Any CPU.ActiveCfg = Release|Any CPU
		{E164D9E1-91CD-4FBB-B033-8E7F60EDB8C8}.Release|Any CPU.Build.0 = Release|Any CPU
		{6D898AF0-12CD-474E-BA4A-B174040D8B63}.Debug|Any CPU.ActiveCfg = Debug|Any CPU
		{6D898AF0-12CD-474E-BA4A-B174040D8B63}.Debug|Any CPU.Build.0 = Debug|Any CPU
		{6D898AF0-12CD-474E-BA4A-B174040D8B63}.Release|Any CPU.ActiveCfg = Release|Any CPU
		{6D898AF0-12CD-474E-BA4A-B174040D8B63}.Release|Any CPU.Build.0 = Release|Any CPU
		{1507A0CB-7163-4586-91FC-A4F88A24A8C3}.Debug|Any CPU.ActiveCfg = Debug|Any CPU
		{1507A0CB-7163-4586-91FC-A4F88A24A8C3}.Debug|Any CPU.Build.0 = Debug|Any CPU
		{1507A0CB-7163-4586-91FC-A4F88A24A8C3}.Release|Any CPU.ActiveCfg = Release|Any CPU
		{1507A0CB-7163-4586-91FC-A4F88A24A8C3}.Release|Any CPU.Build.0 = Release|Any CPU
	EndGlobalSection
	GlobalSection(SolutionProperties) = preSolution
		HideSolutionNode = FALSE
	EndGlobalSection
	GlobalSection(ExtensibilityGlobals) = postSolution
		SolutionGuid = {F72AFA29-09CE-40D2-B96F-85812B51A510}
	EndGlobalSection
EndGlobal
