
Microsoft Visual Studio Solution File, Format Version 12.00
# Visual Studio Version 17
VisualStudioVersion = 17.14.36221.1 d17.14
MinimumVisualStudioVersion = 10.0.40219.1
Project("{FAE04EC0-301F-11D3-BF4B-00C04F79EFBC}") = "class02", "class02\class02.csproj", "{0B86F3A6-6E5F-4914-A585-9EC55AEC312E}"
EndProject
Global
	GlobalSection(SolutionConfigurationPlatforms) = preSolution
		Debug|Any CPU = Debug|Any CPU
		Release|Any CPU = Release|Any CPU
	EndGlobalSection
	GlobalSection(ProjectConfigurationPlatforms) = postSolution
		{0B86F3A6-6E5F-4914-A585-9EC55AEC312E}.Debug|Any CPU.ActiveCfg = Debug|Any CPU
		{0B86F3A6-6E5F-4914-A585-9EC55AEC312E}.Debug|Any CPU.Build.0 = Debug|Any CPU
		{0B86F3A6-6E5F-4914-A585-9EC55AEC312E}.Release|Any CPU.ActiveCfg = Release|Any CPU
		{0B86F3A6-6E5F-4914-A585-9EC55AEC312E}.Release|Any CPU.Build.0 = Release|Any CPU
	EndGlobalSection
	GlobalSection(SolutionProperties) = preSolution
		HideSolutionNode = FALSE
	EndGlobalSection
	GlobalSection(ExtensibilityGlobals) = postSolution
		SolutionGuid = {8D2A4834-0840-444B-A7CD-1CD45568BFE0}
	EndGlobalSection
EndGlobal
