
Microsoft Visual Studio Solution File, Format Version 12.00
# Visual Studio Version 17
VisualStudioVersion = 17.14.36310.24
MinimumVisualStudioVersion = 10.0.40219.1
Project("{FAE04EC0-301F-11D3-BF4B-00C04F79EFBC}") = "homework1", "homework1\homework1.csproj", "{A11F46D5-78BB-4F8E-A26F-461A22835595}"
EndProject
Global
	GlobalSection(SolutionConfigurationPlatforms) = preSolution
		Debug|Any CPU = Debug|Any CPU
		Release|Any CPU = Release|Any CPU
	EndGlobalSection
	GlobalSection(ProjectConfigurationPlatforms) = postSolution
		{A11F46D5-78BB-4F8E-A26F-461A22835595}.Debug|Any CPU.ActiveCfg = Debug|Any CPU
		{A11F46D5-78BB-4F8E-A26F-461A22835595}.Debug|Any CPU.Build.0 = Debug|Any CPU
		{A11F46D5-78BB-4F8E-A26F-461A22835595}.Release|Any CPU.ActiveCfg = Release|Any CPU
		{A11F46D5-78BB-4F8E-A26F-461A22835595}.Release|Any CPU.Build.0 = Release|Any CPU
	EndGlobalSection
	GlobalSection(SolutionProperties) = preSolution
		HideSolutionNode = FALSE
	EndGlobalSection
	GlobalSection(ExtensibilityGlobals) = postSolution
		SolutionGuid = {14ACD8DB-9DC9-4111-A372-B0630396A382}
	EndGlobalSection
EndGlobal
